
Microsoft Visual Studio Solution File, Format Version 12.00
# Visual Studio Version 17
VisualStudioVersion = 17.7.34031.279
MinimumVisualStudioVersion = 10.0.40219.1
Project("{9A19103F-16F7-4668-BE54-9A1E7A4F7556}") = "Employee.API", "Employee.API\Employee.API.csproj", "{B0E4996B-0A84-4619-9E68-7C6781C80280}"
EndProject
Project("{9A19103F-16F7-4668-BE54-9A1E7A4F7556}") = "Employee.Core", "Employee.Core\Employee.Core.csproj", "{6C7EA314-6ED5-40FD-BF71-3BA8E1C20185}"
EndProject
Project("{9A19103F-16F7-4668-BE54-9A1E7A4F7556}") = "Employee.Data", "Employee.Data\Employee.Data.csproj", "{D0F66D8B-E009-4E36-8CB8-43C19AD7000C}"
EndProject
Project("{9A19103F-16F7-4668-BE54-9A1E7A4F7556}") = "Employee.Service", "Employee.Servies\Employee.Service.csproj", "{C8FC04E9-3F9D-4309-AEA2-09855CD09182}"
EndProject
Global
	GlobalSection(SolutionConfigurationPlatforms) = preSolution
		Debug|Any CPU = Debug|Any CPU
		Release|Any CPU = Release|Any CPU
	EndGlobalSection
	GlobalSection(ProjectConfigurationPlatforms) = postSolution
		{B0E4996B-0A84-4619-9E68-7C6781C80280}.Debug|Any CPU.ActiveCfg = Debug|Any CPU
		{B0E4996B-0A84-4619-9E68-7C6781C80280}.Debug|Any CPU.Build.0 = Debug|Any CPU
		{B0E4996B-0A84-4619-9E68-7C6781C80280}.Release|Any CPU.ActiveCfg = Release|Any CPU
		{B0E4996B-0A84-4619-9E68-7C6781C80280}.Release|Any CPU.Build.0 = Release|Any CPU
		{6C7EA314-6ED5-40FD-BF71-3BA8E1C20185}.Debug|Any CPU.ActiveCfg = Debug|Any CPU
		{6C7EA314-6ED5-40FD-BF71-3BA8E1C20185}.Debug|Any CPU.Build.0 = Debug|Any CPU
		{6C7EA314-6ED5-40FD-BF71-3BA8E1C20185}.Release|Any CPU.ActiveCfg = Release|Any CPU
		{6C7EA314-6ED5-40FD-BF71-3BA8E1C20185}.Release|Any CPU.Build.0 = Release|Any CPU
		{D0F66D8B-E009-4E36-8CB8-43C19AD7000C}.Debug|Any CPU.ActiveCfg = Debug|Any CPU
		{D0F66D8B-E009-4E36-8CB8-43C19AD7000C}.Debug|Any CPU.Build.0 = Debug|Any CPU
		{D0F66D8B-E009-4E36-8CB8-43C19AD7000C}.Release|Any CPU.ActiveCfg = Release|Any CPU
		{D0F66D8B-E009-4E36-8CB8-43C19AD7000C}.Release|Any CPU.Build.0 = Release|Any CPU
		{C8FC04E9-3F9D-4309-AEA2-09855CD09182}.Debug|Any CPU.ActiveCfg = Debug|Any CPU
		{C8FC04E9-3F9D-4309-AEA2-09855CD09182}.Debug|Any CPU.Build.0 = Debug|Any CPU
		{C8FC04E9-3F9D-4309-AEA2-09855CD09182}.Release|Any CPU.ActiveCfg = Release|Any CPU
		{C8FC04E9-3F9D-4309-AEA2-09855CD09182}.Release|Any CPU.Build.0 = Release|Any CPU
	EndGlobalSection
	GlobalSection(SolutionProperties) = preSolution
		HideSolutionNode = FALSE
	EndGlobalSection
	GlobalSection(ExtensibilityGlobals) = postSolution
		SolutionGuid = {9CEC63AE-A308-4D2F-9065-739EB4618E74}
	EndGlobalSection
EndGlobal
